# THIS IS AN AUTOGENERATED FILE. DO NOT EDIT THIS FILE DIRECTLY.
# yarn lockfile v1


vuetify@^3.6.11:
  version "3.6.11"
  resolved "https://registry.yarnpkg.com/vuetify/-/vuetify-3.6.11.tgz#98c18afbe0abccf7bf4a29fc7de2a06630ad5726"
  integrity sha512-DMreVZ6+WCVnvRoFVPGtC+Kc4afx+etcTLgX2AqUj6lQ4RrEx0TlQoNAW1oKPH4eViv2wfdvQ3xb/Yw1c86cTw==
